
Microsoft Visual Studio Solution File, Format Version 12.00
# Visual Studio Version 16
VisualStudioVersion = 16.0.31829.152
MinimumVisualStudioVersion = 10.0.40219.1
Project("{FAE04EC0-301F-11D3-BF4B-00C04F79EFBC}") = "19 linq", "19 linq\19 linq.csproj", "{B66B7CBC-ABB7-43E4-ADF0-0DB9AFD7061F}"
EndProject
Global
	GlobalSection(SolutionConfigurationPlatforms) = preSolution
		Debug|Any CPU = Debug|Any CPU
		Release|Any CPU = Release|Any CPU
	EndGlobalSection
	GlobalSection(ProjectConfigurationPlatforms) = postSolution
		{B66B7CBC-ABB7-43E4-ADF0-0DB9AFD7061F}.Debug|Any CPU.ActiveCfg = Debug|Any CPU
		{B66B7CBC-ABB7-43E4-ADF0-0DB9AFD7061F}.Debug|Any CPU.Build.0 = Debug|Any CPU
		{B66B7CBC-ABB7-43E4-ADF0-0DB9AFD7061F}.Release|Any CPU.ActiveCfg = Release|Any CPU
		{B66B7CBC-ABB7-43E4-ADF0-0DB9AFD7061F}.Release|Any CPU.Build.0 = Release|Any CPU
	EndGlobalSection
	GlobalSection(SolutionProperties) = preSolution
		HideSolutionNode = FALSE
	EndGlobalSection
	GlobalSection(ExtensibilityGlobals) = postSolution
		SolutionGuid = {5E6CF1A8-9812-4660-9F99-29AFED20EE50}
	EndGlobalSection
EndGlobal
